
Microsoft Visual Studio Solution File, Format Version 12.00
# Visual Studio Version 17
VisualStudioVersion = 17.5.002.0
MinimumVisualStudioVersion = 10.0.40219.1
Project("{2150E333-8FDC-42A3-9474-1A3956D46DE8}") = "csharp-prep", "csharp-prep", "{3EFB1737-7F99-463E-852F-C97C4A3B6CE2}"
EndProject
Project("{9A19103F-16F7-4668-BE54-9A1E7A4F7556}") = "Prep1", "csharp-prep\Prep1\Prep1.csproj", "{828938D9-38D0-47A0-A6CB-AEC8B5AAB805}"
EndProject
Project("{9A19103F-16F7-4668-BE54-9A1E7A4F7556}") = "Prep2", "csharp-prep\Prep2\Prep2.csproj", "{87F2C27A-E99B-4D2E-8EC4-1699E54D48DE}"
EndProject
Project("{9A19103F-16F7-4668-BE54-9A1E7A4F7556}") = "Prep3", "csharp-prep\Prep3\Prep3.csproj", "{05F0AEBA-DE10-42C8-839A-3BF015CE7220}"
EndProject
Project("{9A19103F-16F7-4668-BE54-9A1E7A4F7556}") = "Prep4", "csharp-prep\Prep4\Prep4.csproj", "{CABA002A-E2E9-4BF7-80F4-D82BA6ABE681}"
EndProject
Project("{9A19103F-16F7-4668-BE54-9A1E7A4F7556}") = "Prep5", "csharp-prep\Prep5\Prep5.csproj", "{78A561C0-5D82-4660-A821-03BD55331DAE}"
EndProject
Project("{2150E333-8FDC-42A3-9474-1A3956D46DE8}") = "final", "final", "{5043DA91-8D96-4441-B24A-EB60EAB261DE}"
EndProject
Project("{9A19103F-16F7-4668-BE54-9A1E7A4F7556}") = "FinalProject", "final\FinalProject\FinalProject.csproj", "{72A48208-D10E-4127-8049-1CFB56915689}"
EndProject
Project("{9A19103F-16F7-4668-BE54-9A1E7A4F7556}") = "Foundation1", "final\Foundation1\Foundation1.csproj", "{22480072-3D53-42CB-9C7E-5E3795B6385C}"
EndProject
Project("{9A19103F-16F7-4668-BE54-9A1E7A4F7556}") = "Foundation2", "final\Foundation2\Foundation2.csproj", "{1A25FA66-3E28-4C61-8844-31C792713E72}"
EndProject
Project("{9A19103F-16F7-4668-BE54-9A1E7A4F7556}") = "Foundation3", "final\Foundation3\Foundation3.csproj", "{CA82B8DE-923F-427C-8201-6F5E152193B3}"
EndProject
Project("{9A19103F-16F7-4668-BE54-9A1E7A4F7556}") = "Foundation4", "final\Foundation4\Foundation4.csproj", "{8D05292B-F4C2-48BC-9137-A793AD8B87B7}"
EndProject
Project("{2150E333-8FDC-42A3-9474-1A3956D46DE8}") = "prepare", "prepare", "{24B31621-7621-4B25-B764-88A278AFBE66}"
EndProject
Project("{9A19103F-16F7-4668-BE54-9A1E7A4F7556}") = "Learning02", "prepare\Learning02\Learning02.csproj", "{8B99191B-7E82-4A6C-87FC-970EF95B086C}"
EndProject
Project("{9A19103F-16F7-4668-BE54-9A1E7A4F7556}") = "Learning03", "prepare\Learning03\Learning03.csproj", "{D7855C22-9AF2-4099-A60B-5229E3C74F93}"
EndProject
Project("{9A19103F-16F7-4668-BE54-9A1E7A4F7556}") = "Learning04", "prepare\Learning04\Learning04.csproj", "{7C716044-9E0A-42A3-A5D2-A4CB69D56186}"
EndProject
Project("{9A19103F-16F7-4668-BE54-9A1E7A4F7556}") = "Learning05", "prepare\Learning05\Learning05.csproj", "{80CCBC0B-E09B-4BB4-921B-155BCA1985CD}"
EndProject
Project("{2150E333-8FDC-42A3-9474-1A3956D46DE8}") = "prove", "prove", "{DD42D2C1-E70A-4D0C-8E09-00843A89A486}"
EndProject
Project("{9A19103F-16F7-4668-BE54-9A1E7A4F7556}") = "Develop02", "prove\Develop02\Develop02.csproj", "{8A867D66-5F34-4480-B69D-6894A58AF159}"
EndProject
Project("{9A19103F-16F7-4668-BE54-9A1E7A4F7556}") = "Develop03", "prove\Develop03\Develop03.csproj", "{36F7D063-7861-4B01-AD50-A4E4D07DAF61}"
EndProject
Project("{9A19103F-16F7-4668-BE54-9A1E7A4F7556}") = "Develop04", "prove\Develop04\Develop04.csproj", "{ED563169-2268-42C9-B940-DB180AFE5F1F}"
EndProject
Project("{9A19103F-16F7-4668-BE54-9A1E7A4F7556}") = "Develop05", "prove\Develop05\Develop05.csproj", "{6729DD88-3539-4608-81C2-2F6CB5F4E936}"
EndProject
Project("{2150E333-8FDC-42A3-9474-1A3956D46DE8}") = "sandbox", "sandbox", "{4D9294ED-9FB9-4720-88D0-86E16195C9E5}"
EndProject
Project("{9A19103F-16F7-4668-BE54-9A1E7A4F7556}") = "Sandbox", "sandbox\Sandbox\Sandbox.csproj", "{B18827CD-C88F-4EFB-8F6E-4BBD1410FAF9}"
EndProject
Global
	GlobalSection(SolutionConfigurationPlatforms) = preSolution
		Debug|Any CPU = Debug|Any CPU
		Release|Any CPU = Release|Any CPU
	EndGlobalSection
	GlobalSection(ProjectConfigurationPlatforms) = postSolution
		{828938D9-38D0-47A0-A6CB-AEC8B5AAB805}.Debug|Any CPU.ActiveCfg = Debug|Any CPU
		{828938D9-38D0-47A0-A6CB-AEC8B5AAB805}.Debug|Any CPU.Build.0 = Debug|Any CPU
		{828938D9-38D0-47A0-A6CB-AEC8B5AAB805}.Release|Any CPU.ActiveCfg = Release|Any CPU
		{828938D9-38D0-47A0-A6CB-AEC8B5AAB805}.Release|Any CPU.Build.0 = Release|Any CPU
		{87F2C27A-E99B-4D2E-8EC4-1699E54D48DE}.Debug|Any CPU.ActiveCfg = Debug|Any CPU
		{87F2C27A-E99B-4D2E-8EC4-1699E54D48DE}.Debug|Any CPU.Build.0 = Debug|Any CPU
		{87F2C27A-E99B-4D2E-8EC4-1699E54D48DE}.Release|Any CPU.ActiveCfg = Release|Any CPU
		{87F2C27A-E99B-4D2E-8EC4-1699E54D48DE}.Release|Any CPU.Build.0 = Release|Any CPU
		{05F0AEBA-DE10-42C8-839A-3BF015CE7220}.Debug|Any CPU.ActiveCfg = Debug|Any CPU
		{05F0AEBA-DE10-42C8-839A-3BF015CE7220}.Debug|Any CPU.Build.0 = Debug|Any CPU
		{05F0AEBA-DE10-42C8-839A-3BF015CE7220}.Release|Any CPU.ActiveCfg = Release|Any CPU
		{05F0AEBA-DE10-42C8-839A-3BF015CE7220}.Release|Any CPU.Build.0 = Release|Any CPU
		{CABA002A-E2E9-4BF7-80F4-D82BA6ABE681}.Debug|Any CPU.ActiveCfg = Debug|Any CPU
		{CABA002A-E2E9-4BF7-80F4-D82BA6ABE681}.Debug|Any CPU.Build.0 = Debug|Any CPU
		{CABA002A-E2E9-4BF7-80F4-D82BA6ABE681}.Release|Any CPU.ActiveCfg = Release|Any CPU
		{CABA002A-E2E9-4BF7-80F4-D82BA6ABE681}.Release|Any CPU.Build.0 = Release|Any CPU
		{78A561C0-5D82-4660-A821-03BD55331DAE}.Debug|Any CPU.ActiveCfg = Debug|Any CPU
		{78A561C0-5D82-4660-A821-03BD55331DAE}.Debug|Any CPU.Build.0 = Debug|Any CPU
		{78A561C0-5D82-4660-A821-03BD55331DAE}.Release|Any CPU.ActiveCfg = Release|Any CPU
		{78A561C0-5D82-4660-A821-03BD55331DAE}.Release|Any CPU.Build.0 = Release|Any CPU
		{72A48208-D10E-4127-8049-1CFB56915689}.Debug|Any CPU.ActiveCfg = Debug|Any CPU
		{72A48208-D10E-4127-8049-1CFB56915689}.Debug|Any CPU.Build.0 = Debug|Any CPU
		{72A48208-D10E-4127-8049-1CFB56915689}.Release|Any CPU.ActiveCfg = Release|Any CPU
		{72A48208-D10E-4127-8049-1CFB56915689}.Release|Any CPU.Build.0 = Release|Any CPU
		{22480072-3D53-42CB-9C7E-5E3795B6385C}.Debug|Any CPU.ActiveCfg = Debug|Any CPU
		{22480072-3D53-42CB-9C7E-5E3795B6385C}.Debug|Any CPU.Build.0 = Debug|Any CPU
		{22480072-3D53-42CB-9C7E-5E3795B6385C}.Release|Any CPU.ActiveCfg = Release|Any CPU
		{22480072-3D53-42CB-9C7E-5E3795B6385C}.Release|Any CPU.Build.0 = Release|Any CPU
		{1A25FA66-3E28-4C61-8844-31C792713E72}.Debug|Any CPU.ActiveCfg = Debug|Any CPU
		{1A25FA66-3E28-4C61-8844-31C792713E72}.Debug|Any CPU.Build.0 = Debug|Any CPU
		{1A25FA66-3E28-4C61-8844-31C792713E72}.Release|Any CPU.ActiveCfg = Release|Any CPU
		{1A25FA66-3E28-4C61-8844-31C792713E72}.Release|Any CPU.Build.0 = Release|Any CPU
		{CA82B8DE-923F-427C-8201-6F5E152193B3}.Debug|Any CPU.ActiveCfg = Debug|Any CPU
		{CA82B8DE-923F-427C-8201-6F5E152193B3}.Debug|Any CPU.Build.0 = Debug|Any CPU
		{CA82B8DE-923F-427C-8201-6F5E152193B3}.Release|Any CPU.ActiveCfg = Release|Any CPU
		{CA82B8DE-923F-427C-8201-6F5E152193B3}.Release|Any CPU.Build.0 = Release|Any CPU
		{8D05292B-F4C2-48BC-9137-A793AD8B87B7}.Debug|Any CPU.ActiveCfg = Debug|Any CPU
		{8D05292B-F4C2-48BC-9137-A793AD8B87B7}.Debug|Any CPU.Build.0 = Debug|Any CPU
		{8D05292B-F4C2-48BC-9137-A793AD8B87B7}.Release|Any CPU.ActiveCfg = Release|Any CPU
		{8D05292B-F4C2-48BC-9137-A793AD8B87B7}.Release|Any CPU.Build.0 = Release|Any CPU
		{8B99191B-7E82-4A6C-87FC-970EF95B086C}.Debug|Any CPU.ActiveCfg = Debug|Any CPU
		{8B99191B-7E82-4A6C-87FC-970EF95B086C}.Debug|Any CPU.Build.0 = Debug|Any CPU
		{8B99191B-7E82-4A6C-87FC-970EF95B086C}.Release|Any CPU.ActiveCfg = Release|Any CPU
		{8B99191B-7E82-4A6C-87FC-970EF95B086C}.Release|Any CPU.Build.0 = Release|Any CPU
		{D7855C22-9AF2-4099-A60B-5229E3C74F93}.Debug|Any CPU.ActiveCfg = Debug|Any CPU
		{D7855C22-9AF2-4099-A60B-5229E3C74F93}.Debug|Any CPU.Build.0 = Debug|Any CPU
		{D7855C22-9AF2-4099-A60B-5229E3C74F93}.Release|Any CPU.ActiveCfg = Release|Any CPU
		{D7855C22-9AF2-4099-A60B-5229E3C74F93}.Release|Any CPU.Build.0 = Release|Any CPU
		{7C716044-9E0A-42A3-A5D2-A4CB69D56186}.Debug|Any CPU.ActiveCfg = Debug|Any CPU
		{7C716044-9E0A-42A3-A5D2-A4CB69D56186}.Debug|Any CPU.Build.0 = Debug|Any CPU
		{7C716044-9E0A-42A3-A5D2-A4CB69D56186}.Release|Any CPU.ActiveCfg = Release|Any CPU
		{7C716044-9E0A-42A3-A5D2-A4CB69D56186}.Release|Any CPU.Build.0 = Release|Any CPU
		{80CCBC0B-E09B-4BB4-921B-155BCA1985CD}.Debug|Any CPU.ActiveCfg = Debug|Any CPU
		{80CCBC0B-E09B-4BB4-921B-155BCA1985CD}.Debug|Any CPU.Build.0 = Debug|Any CPU
		{80CCBC0B-E09B-4BB4-921B-155BCA1985CD}.Release|Any CPU.ActiveCfg = Release|Any CPU
		{80CCBC0B-E09B-4BB4-921B-155BCA1985CD}.Release|Any CPU.Build.0 = Release|Any CPU
		{8A867D66-5F34-4480-B69D-6894A58AF159}.Debug|Any CPU.ActiveCfg = Debug|Any CPU
		{8A867D66-5F34-4480-B69D-6894A58AF159}.Debug|Any CPU.Build.0 = Debug|Any CPU
		{8A867D66-5F34-4480-B69D-6894A58AF159}.Release|Any CPU.ActiveCfg = Release|Any CPU
		{8A867D66-5F34-4480-B69D-6894A58AF159}.Release|Any CPU.Build.0 = Release|Any CPU
		{36F7D063-7861-4B01-AD50-A4E4D07DAF61}.Debug|Any CPU.ActiveCfg = Debug|Any CPU
		{36F7D063-7861-4B01-AD50-A4E4D07DAF61}.Debug|Any CPU.Build.0 = Debug|Any CPU
		{36F7D063-7861-4B01-AD50-A4E4D07DAF61}.Release|Any CPU.ActiveCfg = Release|Any CPU
		{36F7D063-7861-4B01-AD50-A4E4D07DAF61}.Release|Any CPU.Build.0 = Release|Any CPU
		{ED563169-2268-42C9-B940-DB180AFE5F1F}.Debug|Any CPU.ActiveCfg = Debug|Any CPU
		{ED563169-2268-42C9-B940-DB180AFE5F1F}.Debug|Any CPU.Build.0 = Debug|Any CPU
		{ED563169-2268-42C9-B940-DB180AFE5F1F}.Release|Any CPU.ActiveCfg = Release|Any CPU
		{ED563169-2268-42C9-B940-DB180AFE5F1F}.Release|Any CPU.Build.0 = Release|Any CPU
		{6729DD88-3539-4608-81C2-2F6CB5F4E936}.Debug|Any CPU.ActiveCfg = Debug|Any CPU
		{6729DD88-3539-4608-81C2-2F6CB5F4E936}.Debug|Any CPU.Build.0 = Debug|Any CPU
		{6729DD88-3539-4608-81C2-2F6CB5F4E936}.Release|Any CPU.ActiveCfg = Release|Any CPU
		{6729DD88-3539-4608-81C2-2F6CB5F4E936}.Release|Any CPU.Build.0 = Release|Any CPU
		{B18827CD-C88F-4EFB-8F6E-4BBD1410FAF9}.Debug|Any CPU.ActiveCfg = Debug|Any CPU
		{B18827CD-C88F-4EFB-8F6E-4BBD1410FAF9}.Debug|Any CPU.Build.0 = Debug|Any CPU
		{B18827CD-C88F-4EFB-8F6E-4BBD1410FAF9}.Release|Any CPU.ActiveCfg = Release|Any CPU
		{B18827CD-C88F-4EFB-8F6E-4BBD1410FAF9}.Release|Any CPU.Build.0 = Release|Any CPU
	EndGlobalSection
	GlobalSection(SolutionProperties) = preSolution
		HideSolutionNode = FALSE
	EndGlobalSection
	GlobalSection(NestedProjects) = preSolution
		{828938D9-38D0-47A0-A6CB-AEC8B5AAB805} = {3EFB1737-7F99-463E-852F-C97C4A3B6CE2}
		{87F2C27A-E99B-4D2E-8EC4-1699E54D48DE} = {3EFB1737-7F99-463E-852F-C97C4A3B6CE2}
		{05F0AEBA-DE10-42C8-839A-3BF015CE7220} = {3EFB1737-7F99-463E-852F-C97C4A3B6CE2}
		{CABA002A-E2E9-4BF7-80F4-D82BA6ABE681} = {3EFB1737-7F99-463E-852F-C97C4A3B6CE2}
		{78A561C0-5D82-4660-A821-03BD55331DAE} = {3EFB1737-7F99-463E-852F-C97C4A3B6CE2}
		{72A48208-D10E-4127-8049-1CFB56915689} = {5043DA91-8D96-4441-B24A-EB60EAB261DE}
		{22480072-3D53-42CB-9C7E-5E3795B6385C} = {5043DA91-8D96-4441-B24A-EB60EAB261DE}
		{1A25FA66-3E28-4C61-8844-31C792713E72} = {5043DA91-8D96-4441-B24A-EB60EAB261DE}
		{CA82B8DE-923F-427C-8201-6F5E152193B3} = {5043DA91-8D96-4441-B24A-EB60EAB261DE}
		{8D05292B-F4C2-48BC-9137-A793AD8B87B7} = {5043DA91-8D96-4441-B24A-EB60EAB261DE}
		{8B99191B-7E82-4A6C-87FC-970EF95B086C} = {24B31621-7621-4B25-B764-88A278AFBE66}
		{D7855C22-9AF2-4099-A60B-5229E3C74F93} = {24B31621-7621-4B25-B764-88A278AFBE66}
		{7C716044-9E0A-42A3-A5D2-A4CB69D56186} = {24B31621-7621-4B25-B764-88A278AFBE66}
		{80CCBC0B-E09B-4BB4-921B-155BCA1985CD} = {24B31621-7621-4B25-B764-88A278AFBE66}
		{8A867D66-5F34-4480-B69D-6894A58AF159} = {DD42D2C1-E70A-4D0C-8E09-00843A89A486}
		{36F7D063-7861-4B01-AD50-A4E4D07DAF61} = {DD42D2C1-E70A-4D0C-8E09-00843A89A486}
		{ED563169-2268-42C9-B940-DB180AFE5F1F} = {DD42D2C1-E70A-4D0C-8E09-00843A89A486}
		{6729DD88-3539-4608-81C2-2F6CB5F4E936} = {DD42D2C1-E70A-4D0C-8E09-00843A89A486}
		{B18827CD-C88F-4EFB-8F6E-4BBD1410FAF9} = {4D9294ED-9FB9-4720-88D0-86E16195C9E5}
	EndGlobalSection
	GlobalSection(ExtensibilityGlobals) = postSolution
		SolutionGuid = {7548549A-9550-400D-AC00-6D10A440B0C0}
	EndGlobalSection
EndGlobal
